
Microsoft Visual Studio Solution File, Format Version 12.00
# Visual Studio Version 17
VisualStudioVersion = 17.14.36310.24
MinimumVisualStudioVersion = 10.0.40219.1
Project("{FAE04EC0-301F-11D3-BF4B-00C04F79EFBC}") = "WPFhospitalXray", "WPFhospitalXray\WPFhospitalXray.csproj", "{8CB12F6A-ADD6-4BC6-A0F8-F01D953ECC2A}"
EndProject
Project("{FAE04EC0-301F-11D3-BF4B-00C04F79EFBC}") = "DAL", "DAL\DAL.csproj", "{22F8F716-75BB-4FEF-8273-384D585CFF61}"
EndProject
Project("{FAE04EC0-301F-11D3-BF4B-00C04F79EFBC}") = "BLL", "BLL\BLL.csproj", "{0C008F9D-89E2-45A1-BECA-BB633F34D689}"
EndProject
Global
	GlobalSection(SolutionConfigurationPlatforms) = preSolution
		Debug|Any CPU = Debug|Any CPU
		Release|Any CPU = Release|Any CPU
	EndGlobalSection
	GlobalSection(ProjectConfigurationPlatforms) = postSolution
		{8CB12F6A-ADD6-4BC6-A0F8-F01D953ECC2A}.Debug|Any CPU.ActiveCfg = Debug|Any CPU
		{8CB12F6A-ADD6-4BC6-A0F8-F01D953ECC2A}.Debug|Any CPU.Build.0 = Debug|Any CPU
		{8CB12F6A-ADD6-4BC6-A0F8-F01D953ECC2A}.Release|Any CPU.ActiveCfg = Release|Any CPU
		{8CB12F6A-ADD6-4BC6-A0F8-F01D953ECC2A}.Release|Any CPU.Build.0 = Release|Any CPU
		{22F8F716-75BB-4FEF-8273-384D585CFF61}.Debug|Any CPU.ActiveCfg = Debug|Any CPU
		{22F8F716-75BB-4FEF-8273-384D585CFF61}.Debug|Any CPU.Build.0 = Debug|Any CPU
		{22F8F716-75BB-4FEF-8273-384D585CFF61}.Release|Any CPU.ActiveCfg = Release|Any CPU
		{22F8F716-75BB-4FEF-8273-384D585CFF61}.Release|Any CPU.Build.0 = Release|Any CPU
		{0C008F9D-89E2-45A1-BECA-BB633F34D689}.Debug|Any CPU.ActiveCfg = Debug|Any CPU
		{0C008F9D-89E2-45A1-BECA-BB633F34D689}.Debug|Any CPU.Build.0 = Debug|Any CPU
		{0C008F9D-89E2-45A1-BECA-BB633F34D689}.Release|Any CPU.ActiveCfg = Release|Any CPU
		{0C008F9D-89E2-45A1-BECA-BB633F34D689}.Release|Any CPU.Build.0 = Release|Any CPU
	EndGlobalSection
	GlobalSection(SolutionProperties) = preSolution
		HideSolutionNode = FALSE
	EndGlobalSection
	GlobalSection(ExtensibilityGlobals) = postSolution
		SolutionGuid = {09A580F3-8976-4CA5-A31C-05C0D2CA80A5}
	EndGlobalSection
EndGlobal
